
Microsoft Visual Studio Solution File, Format Version 12.00
# Visual Studio 15
VisualStudioVersion = 15.0.28307.645
MinimumVisualStudioVersion = 10.0.40219.1
Project("{FAE04EC0-301F-11D3-BF4B-00C04F79EFBC}") = "ConsoleAppDoubleHash", "ConsoleAppHashTableDoubleHash\ConsoleAppDoubleHash.csproj", "{A3E6A6D2-1252-4E5E-B9AE-B733E01D1104}"
EndProject
Project("{FAE04EC0-301F-11D3-BF4B-00C04F79EFBC}") = "ConsoleAppDoubleHashTests", "ConsoleAppDoubleHashTests\ConsoleAppDoubleHashTests.csproj", "{80E06FFB-F75E-4F76-B819-19A82C6D98D9}"
EndProject
Global
	GlobalSection(SolutionConfigurationPlatforms) = preSolution
		Debug|Any CPU = Debug|Any CPU
		Release|Any CPU = Release|Any CPU
	EndGlobalSection
	GlobalSection(ProjectConfigurationPlatforms) = postSolution
		{A3E6A6D2-1252-4E5E-B9AE-B733E01D1104}.Debug|Any CPU.ActiveCfg = Debug|Any CPU
		{A3E6A6D2-1252-4E5E-B9AE-B733E01D1104}.Debug|Any CPU.Build.0 = Debug|Any CPU
		{A3E6A6D2-1252-4E5E-B9AE-B733E01D1104}.Release|Any CPU.ActiveCfg = Release|Any CPU
		{A3E6A6D2-1252-4E5E-B9AE-B733E01D1104}.Release|Any CPU.Build.0 = Release|Any CPU
		{80E06FFB-F75E-4F76-B819-19A82C6D98D9}.Debug|Any CPU.ActiveCfg = Debug|Any CPU
		{80E06FFB-F75E-4F76-B819-19A82C6D98D9}.Debug|Any CPU.Build.0 = Debug|Any CPU
		{80E06FFB-F75E-4F76-B819-19A82C6D98D9}.Release|Any CPU.ActiveCfg = Release|Any CPU
		{80E06FFB-F75E-4F76-B819-19A82C6D98D9}.Release|Any CPU.Build.0 = Release|Any CPU
	EndGlobalSection
	GlobalSection(SolutionProperties) = preSolution
		HideSolutionNode = FALSE
	EndGlobalSection
	GlobalSection(ExtensibilityGlobals) = postSolution
		SolutionGuid = {CADC4CA3-D559-4B2D-A2E9-19875D8EFDBD}
	EndGlobalSection
EndGlobal
